
Microsoft Visual Studio Solution File, Format Version 12.00
# Visual Studio Version 16
VisualStudioVersion = 16.0.30320.27
MinimumVisualStudioVersion = 10.0.40219.1
Project("{9A19103F-16F7-4668-BE54-9A1E7A4F7556}") = "UserRegistrationProblem", "UserRegistrationProblem\UserRegistrationProblem.csproj", "{50037362-4926-41EC-AA5A-1AA8F1F8A740}"
EndProject
Project("{FAE04EC0-301F-11D3-BF4B-00C04F79EFBC}") = "MSTesting", "MSTesting\MSTesting.csproj", "{866ECB49-EC77-4862-AD73-B0D9AFCF05BE}"
EndProject
Global
	GlobalSection(SolutionConfigurationPlatforms) = preSolution
		Debug|Any CPU = Debug|Any CPU
		Release|Any CPU = Release|Any CPU
	EndGlobalSection
	GlobalSection(ProjectConfigurationPlatforms) = postSolution
		{50037362-4926-41EC-AA5A-1AA8F1F8A740}.Debug|Any CPU.ActiveCfg = Debug|Any CPU
		{50037362-4926-41EC-AA5A-1AA8F1F8A740}.Debug|Any CPU.Build.0 = Debug|Any CPU
		{50037362-4926-41EC-AA5A-1AA8F1F8A740}.Release|Any CPU.ActiveCfg = Release|Any CPU
		{50037362-4926-41EC-AA5A-1AA8F1F8A740}.Release|Any CPU.Build.0 = Release|Any CPU
		{866ECB49-EC77-4862-AD73-B0D9AFCF05BE}.Debug|Any CPU.ActiveCfg = Debug|Any CPU
		{866ECB49-EC77-4862-AD73-B0D9AFCF05BE}.Debug|Any CPU.Build.0 = Debug|Any CPU
		{866ECB49-EC77-4862-AD73-B0D9AFCF05BE}.Release|Any CPU.ActiveCfg = Release|Any CPU
		{866ECB49-EC77-4862-AD73-B0D9AFCF05BE}.Release|Any CPU.Build.0 = Release|Any CPU
	EndGlobalSection
	GlobalSection(SolutionProperties) = preSolution
		HideSolutionNode = FALSE
	EndGlobalSection
	GlobalSection(ExtensibilityGlobals) = postSolution
		SolutionGuid = {4EF091E4-E82B-40D7-A009-6165311FE19E}
	EndGlobalSection
EndGlobal
